
Microsoft Visual Studio Solution File, Format Version 12.00
# Visual Studio Version 16
VisualStudioVersion = 16.0.31402.337
MinimumVisualStudioVersion = 10.0.40219.1
Project("{FAE04EC0-301F-11D3-BF4B-00C04F79EFBC}") = "07.Manual.Exercise.01.SWITCH", "07.Manual.Exercise.01.SWITCH\07.Manual.Exercise.01.SWITCH.csproj", "{4A866CCC-5549-4729-B964-6061FC9BD133}"
EndProject
Global
	GlobalSection(SolutionConfigurationPlatforms) = preSolution
		Debug|Any CPU = Debug|Any CPU
		Release|Any CPU = Release|Any CPU
	EndGlobalSection
	GlobalSection(ProjectConfigurationPlatforms) = postSolution
		{4A866CCC-5549-4729-B964-6061FC9BD133}.Debug|Any CPU.ActiveCfg = Debug|Any CPU
		{4A866CCC-5549-4729-B964-6061FC9BD133}.Debug|Any CPU.Build.0 = Debug|Any CPU
		{4A866CCC-5549-4729-B964-6061FC9BD133}.Release|Any CPU.ActiveCfg = Release|Any CPU
		{4A866CCC-5549-4729-B964-6061FC9BD133}.Release|Any CPU.Build.0 = Release|Any CPU
	EndGlobalSection
	GlobalSection(SolutionProperties) = preSolution
		HideSolutionNode = FALSE
	EndGlobalSection
	GlobalSection(ExtensibilityGlobals) = postSolution
		SolutionGuid = {9D4EBF5C-7932-4873-B315-82E5AC36964B}
	EndGlobalSection
EndGlobal
